
Microsoft Visual Studio Solution File, Format Version 12.00
# Visual Studio Version 17
VisualStudioVersion = 17.11.35312.102
MinimumVisualStudioVersion = 10.0.40219.1
Project("{FAE04EC0-301F-11D3-BF4B-00C04F79EFBC}") = "DB PZ", "DB PZ.csproj", "{B3925FF8-271F-4E75-8DA0-6E441098B209}"
EndProject
Global
	GlobalSection(SolutionConfigurationPlatforms) = preSolution
		Debug|Any CPU = Debug|Any CPU
		Release|Any CPU = Release|Any CPU
	EndGlobalSection
	GlobalSection(ProjectConfigurationPlatforms) = postSolution
		{B3925FF8-271F-4E75-8DA0-6E441098B209}.Debug|Any CPU.ActiveCfg = Debug|Any CPU
		{B3925FF8-271F-4E75-8DA0-6E441098B209}.Debug|Any CPU.Build.0 = Debug|Any CPU
		{B3925FF8-271F-4E75-8DA0-6E441098B209}.Release|Any CPU.ActiveCfg = Release|Any CPU
		{B3925FF8-271F-4E75-8DA0-6E441098B209}.Release|Any CPU.Build.0 = Release|Any CPU
	EndGlobalSection
	GlobalSection(SolutionProperties) = preSolution
		HideSolutionNode = FALSE
	EndGlobalSection
	GlobalSection(ExtensibilityGlobals) = postSolution
		SolutionGuid = {BED80693-1EF6-4861-96CA-4DA59D9A7B38}
	EndGlobalSection
EndGlobal
